lockfileVersion: '6.0'

settings:
  autoInstallPeers: true
  excludeLinksFromLockfile: false

devDependencies:
  rollup:
    specifier: ^4.4.1
    version: 4.4.1

packages:

  /@rollup/rollup-android-arm-eabi@4.4.1:
    resolution: {integrity: sha512-Ss4suS/sd+6xLRu+MLCkED2mUrAyqHmmvZB+zpzZ9Znn9S8wCkTQCJaQ8P8aHofnvG5L16u9MVnJjCqioPErwQ==}
    cpu: [arm]
    os: [android]
    requiresBuild: true
    dev: true
    optional: true

  /@rollup/rollup-android-arm64@4.4.1:
    resolution: {integrity: sha512-sRSkGTvGsARwWd7TzC8LKRf8FiPn7257vd/edzmvG4RIr9x68KBN0/Ek48CkuUJ5Pj/Dp9vKWv6PEupjKWjTYA==}
    cpu: [arm64]
    os: [android]
    requiresBuild: true
    dev: true
    optional: true

  /@rollup/rollup-darwin-arm64@4.4.1:
    resolution: {integrity: sha512-nz0AiGrrXyaWpsmBXUGOBiRDU0wyfSXbFuF98pPvIO8O6auQsPG6riWsfQqmCCC5FNd8zKQ4JhgugRNAkBJ8mQ==}
    cpu: [arm64]
    os: [darwin]
    requiresBuild: true
    dev: true
    optional: true

  /@rollup/rollup-darwin-x64@4.4.1:
    resolution: {integrity: sha512-Ogqvf4/Ve/faMaiPRvzsJEqajbqs00LO+8vtrPBVvLgdw4wBg6ZDXdkDAZO+4MLnrc8mhGV6VJAzYScZdPLtJg==}
    cpu: [x64]
    os: [darwin]
    requiresBuild: true
    dev: true
    optional: true

  /@rollup/rollup-linux-arm-gnueabihf@4.4.1:
    resolution: {integrity: sha512-9zc2tqlr6HfO+hx9+wktUlWTRdje7Ub15iJqKcqg5uJZ+iKqmd2CMxlgPpXi7+bU7bjfDIuvCvnGk7wewFEhCg==}
    cpu: [arm]
    os: [linux]
    requiresBuild: true
    dev: true
    optional: true

  /@rollup/rollup-linux-arm64-gnu@4.4.1:
    resolution: {integrity: sha512-phLb1fN3rq2o1j1v+nKxXUTSJnAhzhU0hLrl7Qzb0fLpwkGMHDem+o6d+ZI8+/BlTXfMU4kVWGvy6g9k/B8L6Q==}
    cpu: [arm64]
    os: [linux]
    requiresBuild: true
    dev: true
    optional: true

  /@rollup/rollup-linux-arm64-musl@4.4.1:
    resolution: {integrity: sha512-M2sDtw4tf57VPSjbTAN/lz1doWUqO2CbQuX3L9K6GWIR5uw9j+ROKCvvUNBY8WUbMxwaoc8mH9HmmBKsLht7+w==}
    cpu: [arm64]
    os: [linux]
    requiresBuild: true
    dev: true
    optional: true

  /@rollup/rollup-linux-x64-gnu@4.4.1:
    resolution: {integrity: sha512-mHIlRLX+hx+30cD6c4BaBOsSqdnCE4ok7/KDvjHYAHoSuveoMMxIisZFvcLhUnyZcPBXDGZTuBoalcuh43UfQQ==}
    cpu: [x64]
    os: [linux]
    requiresBuild: true
    dev: true
    optional: true

  /@rollup/rollup-linux-x64-musl@4.4.1:
    resolution: {integrity: sha512-tB+RZuDi3zxFx7vDrjTNGVLu2KNyzYv+UY8jz7e4TMEoAj7iEt8Qk6xVu6mo3pgjnsHj6jnq3uuRsHp97DLwOA==}
    cpu: [x64]
    os: [linux]
    requiresBuild: true
    dev: true
    optional: true

  /@rollup/rollup-win32-arm64-msvc@4.4.1:
    resolution: {integrity: sha512-Hdn39PzOQowK/HZzYpCuZdJC91PE6EaGbTe2VCA9oq2u18evkisQfws0Smh9QQGNNRa/T7MOuGNQoLeXhhE3PQ==}
    cpu: [arm64]
    os: [win32]
    requiresBuild: true
    dev: true
    optional: true

  /@rollup/rollup-win32-ia32-msvc@4.4.1:
    resolution: {integrity: sha512-tLpKb1Elm9fM8c5w3nl4N1eLTP4bCqTYw9tqUBxX8/hsxqHO3dxc2qPbZ9PNkdK4tg4iLEYn0pOUnVByRd2CbA==}
    cpu: [ia32]
    os: [win32]
    requiresBuild: true
    dev: true
    optional: true

  /@rollup/rollup-win32-x64-msvc@4.4.1:
    resolution: {integrity: sha512-eAhItDX9yQtZVM3yvXS/VR3qPqcnXvnLyx1pLXl4JzyNMBNO3KC986t/iAg2zcMzpAp9JSvxB5VZGnBiNoA98w==}
    cpu: [x64]
    os: [win32]
    requiresBuild: true
    dev: true
    optional: true

  /fsevents@2.3.3:
    resolution: {integrity: sha512-5xoDfX+fL7faATnagmWPpbFtwh/R77WmMMqqHGS65C3vvB0YHrgF+B1YmZ3441tMj5n63k0212XNoJwzlhffQw==}
    engines: {node: ^8.16.0 || ^10.6.0 || >=11.0.0}
    os: [darwin]
    requiresBuild: true
    dev: true
    optional: true

  /rollup@4.4.1:
    resolution: {integrity: sha512-idZzrUpWSblPJX66i+GzrpjKE3vbYrlWirUHteoAbjKReZwa0cohAErOYA5efoMmNCdvG9yrJS+w9Kl6csaH4w==}
    engines: {node: '>=18.0.0', npm: '>=8.0.0'}
    hasBin: true
    optionalDependencies:
      '@rollup/rollup-android-arm-eabi': 4.4.1
      '@rollup/rollup-android-arm64': 4.4.1
      '@rollup/rollup-darwin-arm64': 4.4.1
      '@rollup/rollup-darwin-x64': 4.4.1
      '@rollup/rollup-linux-arm-gnueabihf': 4.4.1
      '@rollup/rollup-linux-arm64-gnu': 4.4.1
      '@rollup/rollup-linux-arm64-musl': 4.4.1
      '@rollup/rollup-linux-x64-gnu': 4.4.1
      '@rollup/rollup-linux-x64-musl': 4.4.1
      '@rollup/rollup-win32-arm64-msvc': 4.4.1
      '@rollup/rollup-win32-ia32-msvc': 4.4.1
      '@rollup/rollup-win32-x64-msvc': 4.4.1
      fsevents: 2.3.3
    dev: true
